// !$*UTF8*$!
{
	archiveVersion = 1;
	classes = {
	};
	objectVersion = 56;
	objects = {

/* Begin PBXBuildFile section */
		933320FA2B308DA300780165 /* GoodWeather_SwiftUIApp.swift in Sources */ = {isa = PBXBuildFile; fileRef = 933320F92B308DA300780165 /* GoodWeather_SwiftUIApp.swift */; };
		933320FC2B308DA300780165 /* ContentView.swift in Sources */ = {isa = PBXBuildFile; fileRef = 933320FB2B308DA300780165 /* ContentView.swift */; };
		933320FE2B308DA600780165 /* Assets.xcassets in Resources */ = {isa = PBXBuildFile; fileRef = 933320FD2B308DA600780165 /* Assets.xcassets */; };
		933321012B308DA600780165 /* Preview Assets.xcassets in Resources */ = {isa = PBXBuildFile; fileRef = 933321002B308DA600780165 /* Preview Assets.xcassets */; };
		9333210B2B308DA600780165 /* GoodWeather_SwiftUITests.swift in Sources */ = {isa = PBXBuildFile; fileRef = 9333210A2B308DA600780165 /* GoodWeather_SwiftUITests.swift */; };
		933321152B308DA600780165 /* GoodWeather_SwiftUIUITests.swift in Sources */ = {isa = PBXBuildFile; fileRef = 933321142B308DA600780165 /* GoodWeather_SwiftUIUITests.swift */; };
		933321172B308DA600780165 /* GoodWeather_SwiftUIUITestsLaunchTests.swift in Sources */ = {isa = PBXBuildFile; fileRef = 933321162B308DA600780165 /* GoodWeather_SwiftUIUITestsLaunchTests.swift */; };
		933321252B30901A00780165 /* Weather.swift in Sources */ = {isa = PBXBuildFile; fileRef = 933321242B30901A00780165 /* Weather.swift */; };
		933321282B30910800780165 /* WeatherService.swift in Sources */ = {isa = PBXBuildFile; fileRef = 933321272B30910800780165 /* WeatherService.swift */; };
		93932D632B3B181300B6859F /* WeatherViewModel.swift in Sources */ = {isa = PBXBuildFile; fileRef = 93932D622B3B181300B6859F /* WeatherViewModel.swift */; };
/* End PBXBuildFile section */

/* Begin PBXContainerItemProxy section */
		933321072B308DA600780165 /* PBXContainerItemProxy */ = {
			isa = PBXContainerItemProxy;
			containerPortal = 933320EE2B308DA300780165 /* Project object */;
			proxyType = 1;
			remoteGlobalIDString = 933320F52B308DA300780165;
			remoteInfo = GoodWeather_SwiftUI;
		};
		933321112B308DA600780165 /* PBXContainerItemProxy */ = {
			isa = PBXContainerItemProxy;
			containerPortal = 933320EE2B308DA300780165 /* Project object */;
			proxyType = 1;
			remoteGlobalIDString = 933320F52B308DA300780165;
			remoteInfo = GoodWeather_SwiftUI;
		};
/* End PBXContainerItemProxy section */

/* Begin PBXFileReference section */
		933320F62B308DA300780165 /* GoodWeather_SwiftUI.app */ = {isa = PBXFileReference; explicitFileType = wrapper.application; includeInIndex = 0; path = GoodWeather_SwiftUI.app; sourceTree = BUILT_PRODUCTS_DIR; };
		933320F92B308DA300780165 /* GoodWeather_SwiftUIApp.swift */ = {isa = PBXFileReference; lastKnownFileType = sourcecode.swift; path = GoodWeather_SwiftUIApp.swift; sourceTree = "<group>"; };
		933320FB2B308DA300780165 /* ContentView.swift */ = {isa = PBXFileReference; lastKnownFileType = sourcecode.swift; path = ContentView.swift; sourceTree = "<group>"; };
		933320FD2B308DA600780165 /* Assets.xcassets */ = {isa = PBXFileReference; lastKnownFileType = folder.assetcatalog; path = Assets.xcassets; sourceTree = "<group>"; };
		933321002B308DA600780165 /* Preview Assets.xcassets */ = {isa = PBXFileReference; lastKnownFileType = folder.assetcatalog; path = "Preview Assets.xcassets"; sourceTree = "<group>"; };
		933321062B308DA600780165 /* GoodWeather_SwiftUITests.xctest */ = {isa = PBXFileReference; explicitFileType = wrapper.cfbundle; includeInIndex = 0; path = GoodWeather_SwiftUITests.xctest; sourceTree = BUILT_PRODUCTS_DIR; };
		9333210A2B308DA600780165 /* GoodWeather_SwiftUITests.swift */ = {isa = PBXFileReference; lastKnownFileType = sourcecode.swift; path = GoodWeather_SwiftUITests.swift; sourceTree = "<group>"; };
		933321102B308DA600780165 /* GoodWeather_SwiftUIUITests.xctest */ = {isa = PBXFileReference; explicitFileType = wrapper.cfbundle; includeInIndex = 0; path = GoodWeather_SwiftUIUITests.xctest; sourceTree = BUILT_PRODUCTS_DIR; };
		933321142B308DA600780165 /* GoodWeather_SwiftUIUITests.swift */ = {isa = PBXFileReference; lastKnownFileType = sourcecode.swift; path = GoodWeather_SwiftUIUITests.swift; sourceTree = "<group>"; };
		933321162B308DA600780165 /* GoodWeather_SwiftUIUITestsLaunchTests.swift */ = {isa = PBXFileReference; lastKnownFileType = sourcecode.swift; path = GoodWeather_SwiftUIUITestsLaunchTests.swift; sourceTree = "<group>"; };
		933321242B30901A00780165 /* Weather.swift */ = {isa = PBXFileReference; lastKnownFileType = sourcecode.swift; path = Weather.swift; sourceTree = "<group>"; };
		933321272B30910800780165 /* WeatherService.swift */ = {isa = PBXFileReference; lastKnownFileType = sourcecode.swift; path = WeatherService.swift; sourceTree = "<group>"; };
		93932D622B3B181300B6859F /* WeatherViewModel.swift */ = {isa = PBXFileReference; lastKnownFileType = sourcecode.swift; path = WeatherViewModel.swift; sourceTree = "<group>"; };
/* End PBXFileReference section */

/* Begin PBXFrameworksBuildPhase section */
		933320F32B308DA300780165 /* Frameworks */ = {
			isa = PBXFrameworksBuildPhase;
			buildActionMask = 2147483647;
			files = (
			);
			runOnlyForDeploymentPostprocessing = 0;
		};
		933321032B308DA600780165 /* Frameworks */ = {
			isa = PBXFrameworksBuildPhase;
			buildActionMask = 2147483647;
			files = (
			);
			runOnlyForDeploymentPostprocessing = 0;
		};
		9333210D2B308DA600780165 /* Frameworks */ = {
			isa = PBXFrameworksBuildPhase;
			buildActionMask = 2147483647;
			files = (
			);
			runOnlyForDeploymentPostprocessing = 0;
		};
/* End PBXFrameworksBuildPhase section */

/* Begin PBXGroup section */
		933320ED2B308DA300780165 = {
			isa = PBXGroup;
			children = (
				933320F82B308DA300780165 /* GoodWeather_SwiftUI */,
				933321092B308DA600780165 /* GoodWeather_SwiftUITests */,
				933321132B308DA600780165 /* GoodWeather_SwiftUIUITests */,
				933320F72B308DA300780165 /* Products */,
			);
			sourceTree = "<group>";
		};
		933320F72B308DA300780165 /* Products */ = {
			isa = PBXGroup;
			children = (
				933320F62B308DA300780165 /* GoodWeather_SwiftUI.app */,
				933321062B308DA600780165 /* GoodWeather_SwiftUITests.xctest */,
				933321102B308DA600780165 /* GoodWeather_SwiftUIUITests.xctest */,
			);
			name = Products;
			sourceTree = "<group>";
		};
		933320F82B308DA300780165 /* GoodWeather_SwiftUI */ = {
			isa = PBXGroup;
			children = (
				93932D612B3B180200B6859F /* ViewModels */,
				933321262B3090EE00780165 /* Services */,
				933321232B308EC900780165 /* Models */,
				933320F92B308DA300780165 /* GoodWeather_SwiftUIApp.swift */,
				933320FB2B308DA300780165 /* ContentView.swift */,
				933320FD2B308DA600780165 /* Assets.xcassets */,
				933320FF2B308DA600780165 /* Preview Content */,
			);
			path = GoodWeather_SwiftUI;
			sourceTree = "<group>";
		};
		933320FF2B308DA600780165 /* Preview Content */ = {
			isa = PBXGroup;
			children = (
				933321002B308DA600780165 /* Preview Assets.xcassets */,
			);
			path = "Preview Content";
			sourceTree = "<group>";
		};
		933321092B308DA600780165 /* GoodWeather_SwiftUITests */ = {
			isa = PBXGroup;
			children = (
				9333210A2B308DA600780165 /* GoodWeather_SwiftUITests.swift */,
			);
			path = GoodWeather_SwiftUITests;
			sourceTree = "<group>";
		};
		933321132B308DA600780165 /* GoodWeather_SwiftUIUITests */ = {
			isa = PBXGroup;
			children = (
				933321142B308DA600780165 /* GoodWeather_SwiftUIUITests.swift */,
				933321162B308DA600780165 /* GoodWeather_SwiftUIUITestsLaunchTests.swift */,
			);
			path = GoodWeather_SwiftUIUITests;
			sourceTree = "<group>";
		};
		933321232B308EC900780165 /* Models */ = {
			isa = PBXGroup;
			children = (
				933321242B30901A00780165 /* Weather.swift */,
			);
			path = Models;
			sourceTree = "<group>";
		};
		933321262B3090EE00780165 /* Services */ = {
			isa = PBXGroup;
			children = (
				933321272B30910800780165 /* WeatherService.swift */,
			);
			path = Services;
			sourceTree = "<group>";
		};
		93932D612B3B180200B6859F /* ViewModels */ = {
			isa = PBXGroup;
			children = (
				93932D622B3B181300B6859F /* WeatherViewModel.swift */,
			);
			path = ViewModels;
			sourceTree = "<group>";
		};
/* End PBXGroup section */

/* Begin PBXNativeTarget section */
		933320F52B308DA300780165 /* GoodWeather_SwiftUI */ = {
			isa = PBXNativeTarget;
			buildConfigurationList = 9333211A2B308DA600780165 /* Build configuration list for PBXNativeTarget "GoodWeather_SwiftUI" */;
			buildPhases = (
				933320F22B308DA300780165 /* Sources */,
				933320F32B308DA300780165 /* Frameworks */,
				933320F42B308DA300780165 /* Resources */,
			);
			buildRules = (
			);
			dependencies = (
			);
			name = GoodWeather_SwiftUI;
			productName = GoodWeather_SwiftUI;
			productReference = 933320F62B308DA300780165 /* GoodWeather_SwiftUI.app */;
			productType = "com.apple.product-type.application";
		};
		933321052B308DA600780165 /* GoodWeather_SwiftUITests */ = {
			isa = PBXNativeTarget;
			buildConfigurationList = 9333211D2B308DA600780165 /* Build configuration list for PBXNativeTarget "GoodWeather_SwiftUITests" */;
			buildPhases = (
				933321022B308DA600780165 /* Sources */,
				933321032B308DA600780165 /* Frameworks */,
				933321042B308DA600780165 /* Resources */,
			);
			buildRules = (
			);
			dependencies = (
				933321082B308DA600780165 /* PBXTargetDependency */,
			);
			name = GoodWeather_SwiftUITests;
			productName = GoodWeather_SwiftUITests;
			productReference = 933321062B308DA600780165 /* GoodWeather_SwiftUITests.xctest */;
			productType = "com.apple.product-type.bundle.unit-test";
		};
		9333210F2B308DA600780165 /* GoodWeather_SwiftUIUITests */ = {
			isa = PBXNativeTarget;
			buildConfigurationList = 933321202B308DA600780165 /* Build configuration list for PBXNativeTarget "GoodWeather_SwiftUIUITests" */;
			buildPhases = (
				9333210C2B308DA600780165 /* Sources */,
				9333210D2B308DA600780165 /* Frameworks */,
				9333210E2B308DA600780165 /* Resources */,
			);
			buildRules = (
			);
			dependencies = (
				933321122B308DA600780165 /* PBXTargetDependency */,
			);
			name = GoodWeather_SwiftUIUITests;
			productName = GoodWeather_SwiftUIUITests;
			productReference = 933321102B308DA600780165 /* GoodWeather_SwiftUIUITests.xctest */;
			productType = "com.apple.product-type.bundle.ui-testing";
		};
/* End PBXNativeTarget section */

/* Begin PBXProject section */
		933320EE2B308DA300780165 /* Project object */ = {
			isa = PBXProject;
			attributes = {
				BuildIndependentTargetsInParallel = 1;
				LastSwiftUpdateCheck = 1430;
				LastUpgradeCheck = 1430;
				TargetAttributes = {
					933320F52B308DA300780165 = {
						CreatedOnToolsVersion = 14.3;
					};
					933321052B308DA600780165 = {
						CreatedOnToolsVersion = 14.3;
						TestTargetID = 933320F52B308DA300780165;
					};
					9333210F2B308DA600780165 = {
						CreatedOnToolsVersion = 14.3;
						TestTargetID = 933320F52B308DA300780165;
					};
				};
			};
			buildConfigurationList = 933320F12B308DA300780165 /* Build configuration list for PBXProject "GoodWeather_SwiftUI" */;
			compatibilityVersion = "Xcode 14.0";
			developmentRegion = en;
			hasScannedForEncodings = 0;
			knownRegions = (
				en,
				Base,
			);
			mainGroup = 933320ED2B308DA300780165;
			productRefGroup = 933320F72B308DA300780165 /* Products */;
			projectDirPath = "";
			projectRoot = "";
			targets = (
				933320F52B308DA300780165 /* GoodWeather_SwiftUI */,
				933321052B308DA600780165 /* GoodWeather_SwiftUITests */,
				9333210F2B308DA600780165 /* GoodWeather_SwiftUIUITests */,
			);
		};
/* End PBXProject section */

/* Begin PBXResourcesBuildPhase section */
		933320F42B308DA300780165 /* Resources */ = {
			isa = PBXResourcesBuildPhase;
			buildActionMask = 2147483647;
			files = (
				933321012B308DA600780165 /* Preview Assets.xcassets in Resources */,
				933320FE2B308DA600780165 /* Assets.xcassets in Resources */,
			);
			runOnlyForDeploymentPostprocessing = 0;
		};
		933321042B308DA600780165 /* Resources */ = {
			isa = PBXResourcesBuildPhase;
			buildActionMask = 2147483647;
			files = (
			);
			runOnlyForDeploymentPostprocessing = 0;
		};
		9333210E2B308DA600780165 /* Resources */ = {
			isa = PBXResourcesBuildPhase;
			buildActionMask = 2147483647;
			files = (
			);
			runOnlyForDeploymentPostprocessing = 0;
		};
/* End PBXResourcesBuildPhase section */

/* Begin PBXSourcesBuildPhase section */
		933320F22B308DA300780165 /* Sources */ = {
			isa = PBXSourcesBuildPhase;
			buildActionMask = 2147483647;
			files = (
				93932D632B3B181300B6859F /* WeatherViewModel.swift in Sources */,
				933321282B30910800780165 /* WeatherService.swift in Sources */,
				933320FC2B308DA300780165 /* ContentView.swift in Sources */,
				933321252B30901A00780165 /* Weather.swift in Sources */,
				933320FA2B308DA300780165 /* GoodWeather_SwiftUIApp.swift in Sources */,
			);
			runOnlyForDeploymentPostprocessing = 0;
		};
		933321022B308DA600780165 /* Sources */ = {
			isa = PBXSourcesBuildPhase;
			buildActionMask = 2147483647;
			files = (
				9333210B2B308DA600780165 /* GoodWeather_SwiftUITests.swift in Sources */,
			);
			runOnlyForDeploymentPostprocessing = 0;
		};
		9333210C2B308DA600780165 /* Sources */ = {
			isa = PBXSourcesBuildPhase;
			buildActionMask = 2147483647;
			files = (
				933321172B308DA600780165 /* GoodWeather_SwiftUIUITestsLaunchTests.swift in Sources */,
				933321152B308DA600780165 /* GoodWeather_SwiftUIUITests.swift in Sources */,
			);
			runOnlyForDeploymentPostprocessing = 0;
		};
/* End PBXSourcesBuildPhase section */

/* Begin PBXTargetDependency section */
		933321082B308DA600780165 /* PBXTargetDependency */ = {
			isa = PBXTargetDependency;
			target = 933320F52B308DA300780165 /* GoodWeather_SwiftUI */;
			targetProxy = 933321072B308DA600780165 /* PBXContainerItemProxy */;
		};
		933321122B308DA600780165 /* PBXTargetDependency */ = {
			isa = PBXTargetDependency;
			target = 933320F52B308DA300780165 /* GoodWeather_SwiftUI */;
			targetProxy = 933321112B308DA600780165 /* PBXContainerItemProxy */;
		};
/* End PBXTargetDependency section */

/* Begin XCBuildConfiguration section */
		933321182B308DA600780165 /* Debug */ = {
			isa = XCBuildConfiguration;
			buildSettings = {
				ALWAYS_SEARCH_USER_PATHS = NO;
				CLANG_ANALYZER_NONNULL = YES;
				CLANG_ANALYZER_NUMBER_OBJECT_CONVERSION = YES_AGGRESSIVE;
				CLANG_CXX_LANGUAGE_STANDARD = "gnu++20";
				CLANG_ENABLE_MODULES = YES;
				CLANG_ENABLE_OBJC_ARC = YES;
				CLANG_ENABLE_OBJC_WEAK = YES;
				CLANG_WARN_BLOCK_CAPTURE_AUTORELEASING = YES;
				CLANG_WARN_BOOL_CONVERSION = YES;
				CLANG_WARN_COMMA = YES;
				CLANG_WARN_CONSTANT_CONVERSION = YES;
				CLANG_WARN_DEPRECATED_OBJC_IMPLEMENTATIONS = YES;
				CLANG_WARN_DIRECT_OBJC_ISA_USAGE = YES_ERROR;
				CLANG_WARN_DOCUMENTATION_COMMENTS = YES;
				CLANG_WARN_EMPTY_BODY = YES;
				CLANG_WARN_ENUM_CONVERSION = YES;
				CLANG_WARN_INFINITE_RECURSION = YES;
				CLANG_WARN_INT_CONVERSION = YES;
				CLANG_WARN_NON_LITERAL_NULL_CONVERSION = YES;
				CLANG_WARN_OBJC_IMPLICIT_RETAIN_SELF = YES;
				CLANG_WARN_OBJC_LITERAL_CONVERSION = YES;
				CLANG_WARN_OBJC_ROOT_CLASS = YES_ERROR;
				CLANG_WARN_QUOTED_INCLUDE_IN_FRAMEWORK_HEADER = YES;
				CLANG_WARN_RANGE_LOOP_ANALYSIS = YES;
				CLANG_WARN_STRICT_PROTOTYPES = YES;
				CLANG_WARN_SUSPICIOUS_MOVE = YES;
				CLANG_WARN_UNGUARDED_AVAILABILITY = YES_AGGRESSIVE;
				CLANG_WARN_UNREACHABLE_CODE = YES;
				CLANG_WARN__DUPLICATE_METHOD_MATCH = YES;
				COPY_PHASE_STRIP = NO;
				DEBUG_INFORMATION_FORMAT = dwarf;
				ENABLE_STRICT_OBJC_MSGSEND = YES;
				ENABLE_TESTABILITY = YES;
				GCC_C_LANGUAGE_STANDARD = gnu11;
				GCC_DYNAMIC_NO_PIC = NO;
				GCC_NO_COMMON_BLOCKS = YES;
				GCC_OPTIMIZATION_LEVEL = 0;
				GCC_PREPROCESSOR_DEFINITIONS = (
					"DEBUG=1",
					"$(inherited)",
				);
				GCC_WARN_64_TO_32_BIT_CONVERSION = YES;
				GCC_WARN_ABOUT_RETURN_TYPE = YES_ERROR;
				GCC_WARN_UNDECLARED_SELECTOR = YES;
				GCC_WARN_UNINITIALIZED_AUTOS = YES_AGGRESSIVE;
				GCC_WARN_UNUSED_FUNCTION = YES;
				GCC_WARN_UNUSED_VARIABLE = YES;
				IPHONEOS_DEPLOYMENT_TARGET = 16.4;
				MTL_ENABLE_DEBUG_INFO = INCLUDE_SOURCE;
				MTL_FAST_MATH = YES;
				ONLY_ACTIVE_ARCH = YES;
				SDKROOT = iphoneos;
				SWIFT_ACTIVE_COMPILATION_CONDITIONS = DEBUG;
				SWIFT_OPTIMIZATION_LEVEL = "-Onone";
			};
			name = Debug;
		};
		933321192B308DA600780165 /* Release */ = {
			isa = XCBuildConfiguration;
			buildSettings = {
				ALWAYS_SEARCH_USER_PATHS = NO;
				CLANG_ANALYZER_NONNULL = YES;
				CLANG_ANALYZER_NUMBER_OBJECT_CONVERSION = YES_AGGRESSIVE;
				CLANG_CXX_LANGUAGE_STANDARD = "gnu++20";
				CLANG_ENABLE_MODULES = YES;
				CLANG_ENABLE_OBJC_ARC = YES;
				CLANG_ENABLE_OBJC_WEAK = YES;
				CLANG_WARN_BLOCK_CAPTURE_AUTORELEASING = YES;
				CLANG_WARN_BOOL_CONVERSION = YES;
				CLANG_WARN_COMMA = YES;
				CLANG_WARN_CONSTANT_CONVERSION = YES;
				CLANG_WARN_DEPRECATED_OBJC_IMPLEMENTATIONS = YES;
				CLANG_WARN_DIRECT_OBJC_ISA_USAGE = YES_ERROR;
				CLANG_WARN_DOCUMENTATION_COMMENTS = YES;
				CLANG_WARN_EMPTY_BODY = YES;
				CLANG_WARN_ENUM_CONVERSION = YES;
				CLANG_WARN_INFINITE_RECURSION = YES;
				CLANG_WARN_INT_CONVERSION = YES;
				CLANG_WARN_NON_LITERAL_NULL_CONVERSION = YES;
				CLANG_WARN_OBJC_IMPLICIT_RETAIN_SELF = YES;
				CLANG_WARN_OBJC_LITERAL_CONVERSION = YES;
				CLANG_WARN_OBJC_ROOT_CLASS = YES_ERROR;
				CLANG_WARN_QUOTED_INCLUDE_IN_FRAMEWORK_HEADER = YES;
				CLANG_WARN_RANGE_LOOP_ANALYSIS = YES;
				CLANG_WARN_STRICT_PROTOTYPES = YES;
				CLANG_WARN_SUSPICIOUS_MOVE = YES;
				CLANG_WARN_UNGUARDED_AVAILABILITY = YES_AGGRESSIVE;
				CLANG_WARN_UNREACHABLE_CODE = YES;
				CLANG_WARN__DUPLICATE_METHOD_MATCH = YES;
				COPY_PHASE_STRIP = NO;
				DEBUG_INFORMATION_FORMAT = "dwarf-with-dsym";
				ENABLE_NS_ASSERTIONS = NO;
				ENABLE_STRICT_OBJC_MSGSEND = YES;
				GCC_C_LANGUAGE_STANDARD = gnu11;
				GCC_NO_COMMON_BLOCKS = YES;
				GCC_WARN_64_TO_32_BIT_CONVERSION = YES;
				GCC_WARN_ABOUT_RETURN_TYPE = YES_ERROR;
				GCC_WARN_UNDECLARED_SELECTOR = YES;
				GCC_WARN_UNINITIALIZED_AUTOS = YES_AGGRESSIVE;
				GCC_WARN_UNUSED_FUNCTION = YES;
				GCC_WARN_UNUSED_VARIABLE = YES;
				IPHONEOS_DEPLOYMENT_TARGET = 16.4;
				MTL_ENABLE_DEBUG_INFO = NO;
				MTL_FAST_MATH = YES;
				SDKROOT = iphoneos;
				SWIFT_COMPILATION_MODE = wholemodule;
				SWIFT_OPTIMIZATION_LEVEL = "-O";
				VALIDATE_PRODUCT = YES;
			};
			name = Release;
		};
		9333211B2B308DA600780165 /* Debug */ = {
			isa = XCBuildConfiguration;
			buildSettings = {
				ASSETCATALOG_COMPILER_APPICON_NAME = AppIcon;
				ASSETCATALOG_COMPILER_GLOBAL_ACCENT_COLOR_NAME = AccentColor;
				CODE_SIGN_STYLE = Automatic;
				CURRENT_PROJECT_VERSION = 1;
				DEVELOPMENT_ASSET_PATHS = "\"GoodWeather_SwiftUI/Preview Content\"";
				DEVELOPMENT_TEAM = U2BKJ22455;
				ENABLE_PREVIEWS = YES;
				GENERATE_INFOPLIST_FILE = YES;
				INFOPLIST_KEY_UIApplicationSceneManifest_Generation = YES;
				INFOPLIST_KEY_UIApplicationSupportsIndirectInputEvents = YES;
				INFOPLIST_KEY_UILaunchScreen_Generation = YES;
				INFOPLIST_KEY_UISupportedInterfaceOrientations_iPad = "UIInterfaceOrientationPortrait UIInterfaceOrientationPortraitUpsideDown UIInterfaceOrientationLandscapeLeft UIInterfaceOrientationLandscapeRight";
				INFOPLIST_KEY_UISupportedInterfaceOrientations_iPhone = "UIInterfaceOrientationPortrait UIInterfaceOrientationLandscapeLeft UIInterfaceOrientationLandscapeRight";
				LD_RUNPATH_SEARCH_PATHS = (
					"$(inherited)",
					"@executable_path/Frameworks",
				);
				MARKETING_VERSION = 1.0;
				PRODUCT_BUNDLE_IDENTIFIER = "com.joorgecarvalho.GoodWeather-SwiftUI";
				PRODUCT_NAME = "$(TARGET_NAME)";
				SWIFT_EMIT_LOC_STRINGS = YES;
				SWIFT_VERSION = 5.0;
				TARGETED_DEVICE_FAMILY = "1,2";
			};
			name = Debug;
		};
		9333211C2B308DA600780165 /* Release */ = {
			isa = XCBuildConfiguration;
			buildSettings = {
				ASSETCATALOG_COMPILER_APPICON_NAME = AppIcon;
				ASSETCATALOG_COMPILER_GLOBAL_ACCENT_COLOR_NAME = AccentColor;
				CODE_SIGN_STYLE = Automatic;
				CURRENT_PROJECT_VERSION = 1;
				DEVELOPMENT_ASSET_PATHS = "\"GoodWeather_SwiftUI/Preview Content\"";
				DEVELOPMENT_TEAM = U2BKJ22455;
				ENABLE_PREVIEWS = YES;
				GENERATE_INFOPLIST_FILE = YES;
				INFOPLIST_KEY_UIApplicationSceneManifest_Generation = YES;
				INFOPLIST_KEY_UIApplicationSupportsIndirectInputEvents = YES;
				INFOPLIST_KEY_UILaunchScreen_Generation = YES;
				INFOPLIST_KEY_UISupportedInterfaceOrientations_iPad = "UIInterfaceOrientationPortrait UIInterfaceOrientationPortraitUpsideDown UIInterfaceOrientationLandscapeLeft UIInterfaceOrientationLandscapeRight";
				INFOPLIST_KEY_UISupportedInterfaceOrientations_iPhone = "UIInterfaceOrientationPortrait UIInterfaceOrientationLandscapeLeft UIInterfaceOrientationLandscapeRight";
				LD_RUNPATH_SEARCH_PATHS = (
					"$(inherited)",
					"@executable_path/Frameworks",
				);
				MARKETING_VERSION = 1.0;
				PRODUCT_BUNDLE_IDENTIFIER = "com.joorgecarvalho.GoodWeather-SwiftUI";
				PRODUCT_NAME = "$(TARGET_NAME)";
				SWIFT_EMIT_LOC_STRINGS = YES;
				SWIFT_VERSION = 5.0;
				TARGETED_DEVICE_FAMILY = "1,2";
			};
			name = Release;
		};
		9333211E2B308DA600780165 /* Debug */ = {
			isa = XCBuildConfiguration;
			buildSettings = {
				ALWAYS_EMBED_SWIFT_STANDARD_LIBRARIES = YES;
				BUNDLE_LOADER = "$(TEST_HOST)";
				CODE_SIGN_STYLE = Automatic;
				CURRENT_PROJECT_VERSION = 1;
				DEVELOPMENT_TEAM = U2BKJ22455;
				GENERATE_INFOPLIST_FILE = YES;
				IPHONEOS_DEPLOYMENT_TARGET = 16.4;
				MARKETING_VERSION = 1.0;
				PRODUCT_BUNDLE_IDENTIFIER = "com.joorgecarvalho.GoodWeather-SwiftUITests";
				PRODUCT_NAME = "$(TARGET_NAME)";
				SWIFT_EMIT_LOC_STRINGS = NO;
				SWIFT_VERSION = 5.0;
				TARGETED_DEVICE_FAMILY = "1,2";
				TEST_HOST = "$(BUILT_PRODUCTS_DIR)/GoodWeather_SwiftUI.app/$(BUNDLE_EXECUTABLE_FOLDER_PATH)/GoodWeather_SwiftUI";
			};
			name = Debug;
		};
		9333211F2B308DA600780165 /* Release */ = {
			isa = XCBuildConfiguration;
			buildSettings = {
				ALWAYS_EMBED_SWIFT_STANDARD_LIBRARIES = YES;
				BUNDLE_LOADER = "$(TEST_HOST)";
				CODE_SIGN_STYLE = Automatic;
				CURRENT_PROJECT_VERSION = 1;
				DEVELOPMENT_TEAM = U2BKJ22455;
				GENERATE_INFOPLIST_FILE = YES;
				IPHONEOS_DEPLOYMENT_TARGET = 16.4;
				MARKETING_VERSION = 1.0;
				PRODUCT_BUNDLE_IDENTIFIER = "com.joorgecarvalho.GoodWeather-SwiftUITests";
				PRODUCT_NAME = "$(TARGET_NAME)";
				SWIFT_EMIT_LOC_STRINGS = NO;
				SWIFT_VERSION = 5.0;
				TARGETED_DEVICE_FAMILY = "1,2";
				TEST_HOST = "$(BUILT_PRODUCTS_DIR)/GoodWeather_SwiftUI.app/$(BUNDLE_EXECUTABLE_FOLDER_PATH)/GoodWeather_SwiftUI";
			};
			name = Release;
		};
		933321212B308DA600780165 /* Debug */ = {
			isa = XCBuildConfiguration;
			buildSettings = {
				ALWAYS_EMBED_SWIFT_STANDARD_LIBRARIES = YES;
				CODE_SIGN_STYLE = Automatic;
				CURRENT_PROJECT_VERSION = 1;
				DEVELOPMENT_TEAM = U2BKJ22455;
				GENERATE_INFOPLIST_FILE = YES;
				MARKETING_VERSION = 1.0;
				PRODUCT_BUNDLE_IDENTIFIER = "com.joorgecarvalho.GoodWeather-SwiftUIUITests";
				PRODUCT_NAME = "$(TARGET_NAME)";
				SWIFT_EMIT_LOC_STRINGS = NO;
				SWIFT_VERSION = 5.0;
				TARGETED_DEVICE_FAMILY = "1,2";
				TEST_TARGET_NAME = GoodWeather_SwiftUI;
			};
			name = Debug;
		};
		933321222B308DA600780165 /* Release */ = {
			isa = XCBuildConfiguration;
			buildSettings = {
				ALWAYS_EMBED_SWIFT_STANDARD_LIBRARIES = YES;
				CODE_SIGN_STYLE = Automatic;
				CURRENT_PROJECT_VERSION = 1;
				DEVELOPMENT_TEAM = U2BKJ22455;
				GENERATE_INFOPLIST_FILE = YES;
				MARKETING_VERSION = 1.0;
				PRODUCT_BUNDLE_IDENTIFIER = "com.joorgecarvalho.GoodWeather-SwiftUIUITests";
				PRODUCT_NAME = "$(TARGET_NAME)";
				SWIFT_EMIT_LOC_STRINGS = NO;
				SWIFT_VERSION = 5.0;
				TARGETED_DEVICE_FAMILY = "1,2";
				TEST_TARGET_NAME = GoodWeather_SwiftUI;
			};
			name = Release;
		};
/* End XCBuildConfiguration section */

/* Begin XCConfigurationList section */
		933320F12B308DA300780165 /* Build configuration list for PBXProject "GoodWeather_SwiftUI" */ = {
			isa = XCConfigurationList;
			buildConfigurations = (
				933321182B308DA600780165 /* Debug */,
				933321192B308DA600780165 /* Release */,
			);
			defaultConfigurationIsVisible = 0;
			defaultConfigurationName = Release;
		};
		9333211A2B308DA600780165 /* Build configuration list for PBXNativeTarget "GoodWeather_SwiftUI" */ = {
			isa = XCConfigurationList;
			buildConfigurations = (
				9333211B2B308DA600780165 /* Debug */,
				9333211C2B308DA600780165 /* Release */,
			);
			defaultConfigurationIsVisible = 0;
			defaultConfigurationName = Release;
		};
		9333211D2B308DA600780165 /* Build configuration list for PBXNativeTarget "GoodWeather_SwiftUITests" */ = {
			isa = XCConfigurationList;
			buildConfigurations = (
				9333211E2B308DA600780165 /* Debug */,
				9333211F2B308DA600780165 /* Release */,
			);
			defaultConfigurationIsVisible = 0;
			defaultConfigurationName = Release;
		};
		933321202B308DA600780165 /* Build configuration list for PBXNativeTarget "GoodWeather_SwiftUIUITests" */ = {
			isa = XCConfigurationList;
			buildConfigurations = (
				933321212B308DA600780165 /* Debug */,
				933321222B308DA600780165 /* Release */,
			);
			defaultConfigurationIsVisible = 0;
			defaultConfigurationName = Release;
		};
/* End XCConfigurationList section */
	};
	rootObject = 933320EE2B308DA300780165 /* Project object */;
}
